
Microsoft Visual Studio Solution File, Format Version 12.00
# Visual Studio Version 17
VisualStudioVersion = 17.4.33213.308
MinimumVisualStudioVersion = 10.0.40219.1
Project("{FAE04EC0-301F-11D3-BF4B-00C04F79EFBC}") = "Collection", "Collection\Collection.csproj", "{C3C8F4EC-0014-4693-8951-AC35DB0091E8}"
EndProject
Project("{FAE04EC0-301F-11D3-BF4B-00C04F79EFBC}") = "Collection.UnitTest", "Collection.UnitTest\Collection.UnitTest.csproj", "{3B9D4B23-F917-44E8-9156-A64BD0CAD582}"
EndProject
Global
	GlobalSection(SolutionConfigurationPlatforms) = preSolution
		Debug|Any CPU = Debug|Any CPU
		Release|Any CPU = Release|Any CPU
	EndGlobalSection
	GlobalSection(ProjectConfigurationPlatforms) = postSolution
		{C3C8F4EC-0014-4693-8951-AC35DB0091E8}.Debug|Any CPU.ActiveCfg = Debug|Any CPU
		{C3C8F4EC-0014-4693-8951-AC35DB0091E8}.Debug|Any CPU.Build.0 = Debug|Any CPU
		{C3C8F4EC-0014-4693-8951-AC35DB0091E8}.Release|Any CPU.ActiveCfg = Release|Any CPU
		{C3C8F4EC-0014-4693-8951-AC35DB0091E8}.Release|Any CPU.Build.0 = Release|Any CPU
		{3B9D4B23-F917-44E8-9156-A64BD0CAD582}.Debug|Any CPU.ActiveCfg = Debug|Any CPU
		{3B9D4B23-F917-44E8-9156-A64BD0CAD582}.Debug|Any CPU.Build.0 = Debug|Any CPU
		{3B9D4B23-F917-44E8-9156-A64BD0CAD582}.Release|Any CPU.ActiveCfg = Release|Any CPU
		{3B9D4B23-F917-44E8-9156-A64BD0CAD582}.Release|Any CPU.Build.0 = Release|Any CPU
	EndGlobalSection
	GlobalSection(SolutionProperties) = preSolution
		HideSolutionNode = FALSE
	EndGlobalSection
	GlobalSection(ExtensibilityGlobals) = postSolution
		SolutionGuid = {A57402F1-0586-4F70-9BA0-6BE60C5D70CD}
	EndGlobalSection
EndGlobal
